
Microsoft Visual Studio Solution File, Format Version 12.00
# Visual Studio Version 16
VisualStudioVersion = 16.0.31005.135
MinimumVisualStudioVersion = 10.0.40219.1
Project("{9A19103F-16F7-4668-BE54-9A1E7A4F7556}") = "Zadanie", "Zadanie5\Zadanie.csproj", "{DEF3B6D8-E765-48F3-843F-5D744018E019}"
EndProject
Global
	GlobalSection(SolutionConfigurationPlatforms) = preSolution
		Debug|Any CPU = Debug|Any CPU
		Release|Any CPU = Release|Any CPU
	EndGlobalSection
	GlobalSection(ProjectConfigurationPlatforms) = postSolution
		{DEF3B6D8-E765-48F3-843F-5D744018E019}.Debug|Any CPU.ActiveCfg = Debug|Any CPU
		{DEF3B6D8-E765-48F3-843F-5D744018E019}.Debug|Any CPU.Build.0 = Debug|Any CPU
		{DEF3B6D8-E765-48F3-843F-5D744018E019}.Release|Any CPU.ActiveCfg = Release|Any CPU
		{DEF3B6D8-E765-48F3-843F-5D744018E019}.Release|Any CPU.Build.0 = Release|Any CPU
	EndGlobalSection
	GlobalSection(SolutionProperties) = preSolution
		HideSolutionNode = FALSE
	EndGlobalSection
	GlobalSection(ExtensibilityGlobals) = postSolution
		SolutionGuid = {72245BCE-05D9-45A5-AD20-17DC1B0FDA6C}
	EndGlobalSection
EndGlobal
